
Microsoft Visual Studio Solution File, Format Version 12.00
# Visual Studio Version 17
VisualStudioVersion = 17.5.33530.505
MinimumVisualStudioVersion = 10.0.40219.1
Project("{FAE04EC0-301F-11D3-BF4B-00C04F79EFBC}") = "P2EJ6", "P2EJ6\P2EJ6.csproj", "{28938698-6A6D-401E-9ED5-C59EE43F4C07}"
EndProject
Global
	GlobalSection(SolutionConfigurationPlatforms) = preSolution
		Debug|Any CPU = Debug|Any CPU
		Release|Any CPU = Release|Any CPU
	EndGlobalSection
	GlobalSection(ProjectConfigurationPlatforms) = postSolution
		{28938698-6A6D-401E-9ED5-C59EE43F4C07}.Debug|Any CPU.ActiveCfg = Debug|Any CPU
		{28938698-6A6D-401E-9ED5-C59EE43F4C07}.Debug|Any CPU.Build.0 = Debug|Any CPU
		{28938698-6A6D-401E-9ED5-C59EE43F4C07}.Release|Any CPU.ActiveCfg = Release|Any CPU
		{28938698-6A6D-401E-9ED5-C59EE43F4C07}.Release|Any CPU.Build.0 = Release|Any CPU
	EndGlobalSection
	GlobalSection(SolutionProperties) = preSolution
		HideSolutionNode = FALSE
	EndGlobalSection
	GlobalSection(ExtensibilityGlobals) = postSolution
		SolutionGuid = {CEAC2936-419F-4B8F-B00B-3EC63BB47B94}
	EndGlobalSection
EndGlobal
